schema = 1

[packs."https://github.com/gastownhall/gascity/tree/main/examples/bd"]
version = "sha:f895c0ff47d6ee9334ed282a416387eb5b084d24"
commit = "f895c0ff47d6ee9334ed282a416387eb5b084d24"
fetched = "2026-08-06T14:10:31Z"

[packs."https://github.com/gastownhall/gascity/tree/main/internal/bootstrap/packs/core"]
version = "sha:f895c0ff47d6ee9334ed282a416387eb5b084d24"
commit = "f895c0ff47d6ee9334ed282a416387eb5b084d24"
fetched = "2026-08-06T14:10:31Z"
